
Microsoft Visual Studio Solution File, Format Version 12.00
# Visual Studio 15
VisualStudioVersion = 15.0.27130.2036
MinimumVisualStudioVersion = 10.0.40219.1
Project("{FAE04EC0-301F-11D3-BF4B-00C04F79EFBC}") = "Client2", "Client2\Client2.csproj", "{92CA9A9D-6206-4387-9207-2451682DCC0D}"
EndProject
Global
	GlobalSection(SolutionConfigurationPlatforms) = preSolution
		Debug|Any CPU = Debug|Any CPU
		Release|Any CPU = Release|Any CPU
	EndGlobalSection
	GlobalSection(ProjectConfigurationPlatforms) = postSolution
		{92CA9A9D-6206-4387-9207-2451682DCC0D}.Debug|Any CPU.ActiveCfg = Debug|Any CPU
		{92CA9A9D-6206-4387-9207-2451682DCC0D}.Debug|Any CPU.Build.0 = Debug|Any CPU
		{92CA9A9D-6206-4387-9207-2451682DCC0D}.Release|Any CPU.ActiveCfg = Release|Any CPU
		{92CA9A9D-6206-4387-9207-2451682DCC0D}.Release|Any CPU.Build.0 = Release|Any CPU
	EndGlobalSection
	GlobalSection(SolutionProperties) = preSolution
		HideSolutionNode = FALSE
	EndGlobalSection
	GlobalSection(ExtensibilityGlobals) = postSolution
		SolutionGuid = {EC81C8A5-FFAB-45A7-A531-18ED6E985111}
	EndGlobalSection
EndGlobal
